
Microsoft Visual Studio Solution File, Format Version 10.00
# Visual Studio 2008
Project("{8BC9CEB8-8B4A-11D0-8D11-00A0C91BC942}") = "evalexpr", "evalexpr\evalexpr.vcproj", "{37998AA1-ECC5-4F63-8E05-86033938DD1C}"
EndProject
Project("{8BC9CEB8-8B4A-11D0-8D11-00A0C91BC942}") = "adfcomb", "adfcomb\adfcomb.vcproj", "{C9B69C23-0FE8-47E7-A9EC-1AB841D27E4B}"
EndProject
Project("{8BC9CEB8-8B4A-11D0-8D11-00A0C91BC942}") = "adfdefc", "adfdefc\adfdefc.vcproj", "{34687056-9A56-40BC-BCDF-2E9CA01E98A0}"
EndProject
Project("{8BC9CEB8-8B4A-11D0-8D11-00A0C91BC942}") = "adfdefd", "adfdefd\adfdefd.vcproj", "{CC7C7AD6-A823-4E3E-AF31-B6194900A80F}"
EndProject
Project("{8BC9CEB8-8B4A-11D0-8D11-00A0C91BC942}") = "adfdiff", "adfdiff\adfdiff.vcproj", "{DAB28D41-9D5E-48EA-A2F6-E46D8A72A7B7}"
EndProject
Project("{8BC9CEB8-8B4A-11D0-8D11-00A0C91BC942}") = "adfout", "adfout\adfout.vcproj", "{984734CD-81B7-4257-BD90-62A8F0FE978C}"
EndProject
Project("{8BC9CEB8-8B4A-11D0-8D11-00A0C91BC942}") = "adfprep", "adfprep\adfprep.vcproj", "{F5F20619-1A72-482C-B945-90596A2E2290}"
EndProject
Project("{8BC9CEB8-8B4A-11D0-8D11-00A0C91BC942}") = "adfrefsa", "adfrefsa\adfrefsa.vcproj", "{62F24DDC-FC48-45B3-B0A8-C0090CD00437}"
EndProject
Project("{8BC9CEB8-8B4A-11D0-8D11-00A0C91BC942}") = "adfsize", "adfsize\adfsize.vcproj", "{C0D5726B-1207-4107-8337-199120096CD4}"
EndProject
Project("{8BC9CEB8-8B4A-11D0-8D11-00A0C91BC942}") = "echoargs", "echoargs\echoargs.vcproj", "{032CA9B3-F4ED-479A-A758-F4E6D4E87A7C}"
EndProject
Project("{8BC9CEB8-8B4A-11D0-8D11-00A0C91BC942}") = "expfpath", "expfpath\expfpath.vcproj", "{3C4C3373-593F-4355-A022-1E125586BABF}"
EndProject
Project("{8BC9CEB8-8B4A-11D0-8D11-00A0C91BC942}") = "getether", "getether\getether.vcproj", "{FADE7CDD-28CF-477D-96BB-A9576EDE54D6}"
EndProject
Project("{8BC9CEB8-8B4A-11D0-8D11-00A0C91BC942}") = "gethent", "gethent\gethent.vcproj", "{7B5016F4-2E63-4FF6-B8EA-A894A8512BE1}"
EndProject
Project("{8BC9CEB8-8B4A-11D0-8D11-00A0C91BC942}") = "getpent", "getpent\getpent.vcproj", "{343EA3B8-303E-45D3-BC9D-3D2C0D652D75}"
EndProject
Project("{8BC9CEB8-8B4A-11D0-8D11-00A0C91BC942}") = "getsent", "getsent\getsent.vcproj", "{1F23CBEF-4F0B-486C-85C7-09A56DC5F46D}"
EndProject
Project("{8BC9CEB8-8B4A-11D0-8D11-00A0C91BC942}") = "gettime", "gettime\gettime.vcproj", "{8934B986-7252-4B1B-8CA5-4A0FA3848CA2}"
EndProject
Project("{8BC9CEB8-8B4A-11D0-8D11-00A0C91BC942}") = "haliases", "haliases\haliases.vcproj", "{84F5F2A8-3C64-4CE5-B6B0-760C5A159E82}"
EndProject
Project("{8BC9CEB8-8B4A-11D0-8D11-00A0C91BC942}") = "hname", "hname\hname.vcproj", "{C350DDBD-E4D8-49F9-AED4-2CEDC8EF61A9}"
EndProject
Project("{8BC9CEB8-8B4A-11D0-8D11-00A0C91BC942}") = "lpx", "lpx\lpx.vcproj", "{952A41E4-A542-4ADD-9DE0-09C84C883674}"
EndProject
Project("{8BC9CEB8-8B4A-11D0-8D11-00A0C91BC942}") = "nl2crnl", "nl2crnl\nl2crnl.vcproj", "{66D8D882-D9C0-423E-9659-A4E0684D839C}"
EndProject
Project("{8BC9CEB8-8B4A-11D0-8D11-00A0C91BC942}") = "null2nl", "null2nl\null2nl.vcproj", "{880F3DFA-50B4-4F6D-A442-2EFB029A4D94}"
EndProject
Project("{8BC9CEB8-8B4A-11D0-8D11-00A0C91BC942}") = "odx", "odx\odx.vcproj", "{A4220F3F-409D-4FF4-A476-59532E90E5C7}"
EndProject
Project("{8BC9CEB8-8B4A-11D0-8D11-00A0C91BC942}") = "outhppl", "outhppl\outhppl.vcproj", "{09AEE90F-7AFB-4D15-802D-D6CC597C0CA2}"
EndProject
Project("{8BC9CEB8-8B4A-11D0-8D11-00A0C91BC942}") = "outhtml", "outhtml\outhtml.vcproj", "{2A4AD9F0-CD47-4CB5-B21F-0775C3C4F9DA}"
EndProject
Project("{8BC9CEB8-8B4A-11D0-8D11-00A0C91BC942}") = "quanfind", "quanfind\quanfind.vcproj", "{8B2BB00F-E317-4BBB-8EBC-B55DDBEFEBBD}"
EndProject
Project("{8BC9CEB8-8B4A-11D0-8D11-00A0C91BC942}") = "sicptrd", "sicptrd\sicptrd.vcproj", "{2ABFA7A7-C14C-4C1B-9529-27C86FA31F37}"
EndProject
Project("{8BC9CEB8-8B4A-11D0-8D11-00A0C91BC942}") = "sockicpt", "sockicpt\sockicpt.vcproj", "{3D0C4B90-7D78-4E53-9019-D82FFDE354CF}"
EndProject
Project("{8BC9CEB8-8B4A-11D0-8D11-00A0C91BC942}") = "tab2spc", "tab2spc\tab2spc.vcproj", "{2B7EC5AB-0720-494E-BF49-64E865C729A3}"
EndProject
Project("{8BC9CEB8-8B4A-11D0-8D11-00A0C91BC942}") = "XPBindRun", "XPBindRun\XPBindRun.vcproj", "{8A222926-5942-402C-8B03-B94EA6D62124}"
EndProject
Project("{8BC9CEB8-8B4A-11D0-8D11-00A0C91BC942}") = "xpwd", "xpwd\xpwd.vcproj", "{96E93A37-D0C5-4EBB-8244-8A9C725E6079}"
EndProject
Project("{8BC9CEB8-8B4A-11D0-8D11-00A0C91BC942}") = "xsleep", "xsleep\xsleep.vcproj", "{0437D330-0619-469A-AE14-8B63F2FD6744}"
EndProject
Project("{8BC9CEB8-8B4A-11D0-8D11-00A0C91BC942}") = "xwc", "xwc\xwc.vcproj", "{9D17535F-A9B5-4D5E-87E4-3CBEB7B881C9}"
EndProject
Global
	GlobalSection(SolutionConfigurationPlatforms) = preSolution
		Debug|Win32 = Debug|Win32
		Release|Win32 = Release|Win32
	EndGlobalSection
	GlobalSection(ProjectConfigurationPlatforms) = postSolution
		{37998AA1-ECC5-4F63-8E05-86033938DD1C}.Debug|Win32.ActiveCfg = Debug|Win32
		{37998AA1-ECC5-4F63-8E05-86033938DD1C}.Debug|Win32.Build.0 = Debug|Win32
		{37998AA1-ECC5-4F63-8E05-86033938DD1C}.Release|Win32.ActiveCfg = Release|Win32
		{37998AA1-ECC5-4F63-8E05-86033938DD1C}.Release|Win32.Build.0 = Release|Win32
		{C9B69C23-0FE8-47E7-A9EC-1AB841D27E4B}.Debug|Win32.ActiveCfg = Debug|Win32
		{C9B69C23-0FE8-47E7-A9EC-1AB841D27E4B}.Debug|Win32.Build.0 = Debug|Win32
		{C9B69C23-0FE8-47E7-A9EC-1AB841D27E4B}.Release|Win32.ActiveCfg = Release|Win32
		{C9B69C23-0FE8-47E7-A9EC-1AB841D27E4B}.Release|Win32.Build.0 = Release|Win32
		{34687056-9A56-40BC-BCDF-2E9CA01E98A0}.Debug|Win32.ActiveCfg = Debug|Win32
		{34687056-9A56-40BC-BCDF-2E9CA01E98A0}.Debug|Win32.Build.0 = Debug|Win32
		{34687056-9A56-40BC-BCDF-2E9CA01E98A0}.Release|Win32.ActiveCfg = Release|Win32
		{34687056-9A56-40BC-BCDF-2E9CA01E98A0}.Release|Win32.Build.0 = Release|Win32
		{CC7C7AD6-A823-4E3E-AF31-B6194900A80F}.Debug|Win32.ActiveCfg = Debug|Win32
		{CC7C7AD6-A823-4E3E-AF31-B6194900A80F}.Debug|Win32.Build.0 = Debug|Win32
		{CC7C7AD6-A823-4E3E-AF31-B6194900A80F}.Release|Win32.ActiveCfg = Release|Win32
		{CC7C7AD6-A823-4E3E-AF31-B6194900A80F}.Release|Win32.Build.0 = Release|Win32
		{DAB28D41-9D5E-48EA-A2F6-E46D8A72A7B7}.Debug|Win32.ActiveCfg = Debug|Win32
		{DAB28D41-9D5E-48EA-A2F6-E46D8A72A7B7}.Debug|Win32.Build.0 = Debug|Win32
		{DAB28D41-9D5E-48EA-A2F6-E46D8A72A7B7}.Release|Win32.ActiveCfg = Release|Win32
		{DAB28D41-9D5E-48EA-A2F6-E46D8A72A7B7}.Release|Win32.Build.0 = Release|Win32
		{984734CD-81B7-4257-BD90-62A8F0FE978C}.Debug|Win32.ActiveCfg = Debug|Win32
		{984734CD-81B7-4257-BD90-62A8F0FE978C}.Debug|Win32.Build.0 = Debug|Win32
		{984734CD-81B7-4257-BD90-62A8F0FE978C}.Release|Win32.ActiveCfg = Release|Win32
		{984734CD-81B7-4257-BD90-62A8F0FE978C}.Release|Win32.Build.0 = Release|Win32
		{F5F20619-1A72-482C-B945-90596A2E2290}.Debug|Win32.ActiveCfg = Debug|Win32
		{F5F20619-1A72-482C-B945-90596A2E2290}.Debug|Win32.Build.0 = Debug|Win32
		{F5F20619-1A72-482C-B945-90596A2E2290}.Release|Win32.ActiveCfg = Release|Win32
		{F5F20619-1A72-482C-B945-90596A2E2290}.Release|Win32.Build.0 = Release|Win32
		{62F24DDC-FC48-45B3-B0A8-C0090CD00437}.Debug|Win32.ActiveCfg = Debug|Win32
		{62F24DDC-FC48-45B3-B0A8-C0090CD00437}.Debug|Win32.Build.0 = Debug|Win32
		{62F24DDC-FC48-45B3-B0A8-C0090CD00437}.Release|Win32.ActiveCfg = Release|Win32
		{62F24DDC-FC48-45B3-B0A8-C0090CD00437}.Release|Win32.Build.0 = Release|Win32
		{C0D5726B-1207-4107-8337-199120096CD4}.Debug|Win32.ActiveCfg = Debug|Win32
		{C0D5726B-1207-4107-8337-199120096CD4}.Debug|Win32.Build.0 = Debug|Win32
		{C0D5726B-1207-4107-8337-199120096CD4}.Release|Win32.ActiveCfg = Release|Win32
		{C0D5726B-1207-4107-8337-199120096CD4}.Release|Win32.Build.0 = Release|Win32
		{032CA9B3-F4ED-479A-A758-F4E6D4E87A7C}.Debug|Win32.ActiveCfg = Debug|Win32
		{032CA9B3-F4ED-479A-A758-F4E6D4E87A7C}.Debug|Win32.Build.0 = Debug|Win32
		{032CA9B3-F4ED-479A-A758-F4E6D4E87A7C}.Release|Win32.ActiveCfg = Release|Win32
		{032CA9B3-F4ED-479A-A758-F4E6D4E87A7C}.Release|Win32.Build.0 = Release|Win32
		{3C4C3373-593F-4355-A022-1E125586BABF}.Debug|Win32.ActiveCfg = Debug|Win32
		{3C4C3373-593F-4355-A022-1E125586BABF}.Debug|Win32.Build.0 = Debug|Win32
		{3C4C3373-593F-4355-A022-1E125586BABF}.Release|Win32.ActiveCfg = Release|Win32
		{3C4C3373-593F-4355-A022-1E125586BABF}.Release|Win32.Build.0 = Release|Win32
		{FADE7CDD-28CF-477D-96BB-A9576EDE54D6}.Debug|Win32.ActiveCfg = Debug|Win32
		{FADE7CDD-28CF-477D-96BB-A9576EDE54D6}.Debug|Win32.Build.0 = Debug|Win32
		{FADE7CDD-28CF-477D-96BB-A9576EDE54D6}.Release|Win32.ActiveCfg = Release|Win32
		{FADE7CDD-28CF-477D-96BB-A9576EDE54D6}.Release|Win32.Build.0 = Release|Win32
		{7B5016F4-2E63-4FF6-B8EA-A894A8512BE1}.Debug|Win32.ActiveCfg = Debug|Win32
		{7B5016F4-2E63-4FF6-B8EA-A894A8512BE1}.Debug|Win32.Build.0 = Debug|Win32
		{7B5016F4-2E63-4FF6-B8EA-A894A8512BE1}.Release|Win32.ActiveCfg = Release|Win32
		{7B5016F4-2E63-4FF6-B8EA-A894A8512BE1}.Release|Win32.Build.0 = Release|Win32
		{343EA3B8-303E-45D3-BC9D-3D2C0D652D75}.Debug|Win32.ActiveCfg = Debug|Win32
		{343EA3B8-303E-45D3-BC9D-3D2C0D652D75}.Debug|Win32.Build.0 = Debug|Win32
		{343EA3B8-303E-45D3-BC9D-3D2C0D652D75}.Release|Win32.ActiveCfg = Release|Win32
		{343EA3B8-303E-45D3-BC9D-3D2C0D652D75}.Release|Win32.Build.0 = Release|Win32
		{1F23CBEF-4F0B-486C-85C7-09A56DC5F46D}.Debug|Win32.ActiveCfg = Debug|Win32
		{1F23CBEF-4F0B-486C-85C7-09A56DC5F46D}.Debug|Win32.Build.0 = Debug|Win32
		{1F23CBEF-4F0B-486C-85C7-09A56DC5F46D}.Release|Win32.ActiveCfg = Release|Win32
		{1F23CBEF-4F0B-486C-85C7-09A56DC5F46D}.Release|Win32.Build.0 = Release|Win32
		{8934B986-7252-4B1B-8CA5-4A0FA3848CA2}.Debug|Win32.ActiveCfg = Debug|Win32
		{8934B986-7252-4B1B-8CA5-4A0FA3848CA2}.Debug|Win32.Build.0 = Debug|Win32
		{8934B986-7252-4B1B-8CA5-4A0FA3848CA2}.Release|Win32.ActiveCfg = Release|Win32
		{8934B986-7252-4B1B-8CA5-4A0FA3848CA2}.Release|Win32.Build.0 = Release|Win32
		{84F5F2A8-3C64-4CE5-B6B0-760C5A159E82}.Debug|Win32.ActiveCfg = Debug|Win32
		{84F5F2A8-3C64-4CE5-B6B0-760C5A159E82}.Debug|Win32.Build.0 = Debug|Win32
		{84F5F2A8-3C64-4CE5-B6B0-760C5A159E82}.Release|Win32.ActiveCfg = Release|Win32
		{84F5F2A8-3C64-4CE5-B6B0-760C5A159E82}.Release|Win32.Build.0 = Release|Win32
		{C350DDBD-E4D8-49F9-AED4-2CEDC8EF61A9}.Debug|Win32.ActiveCfg = Debug|Win32
		{C350DDBD-E4D8-49F9-AED4-2CEDC8EF61A9}.Debug|Win32.Build.0 = Debug|Win32
		{C350DDBD-E4D8-49F9-AED4-2CEDC8EF61A9}.Release|Win32.ActiveCfg = Release|Win32
		{C350DDBD-E4D8-49F9-AED4-2CEDC8EF61A9}.Release|Win32.Build.0 = Release|Win32
		{952A41E4-A542-4ADD-9DE0-09C84C883674}.Debug|Win32.ActiveCfg = Debug|Win32
		{952A41E4-A542-4ADD-9DE0-09C84C883674}.Debug|Win32.Build.0 = Debug|Win32
		{952A41E4-A542-4ADD-9DE0-09C84C883674}.Release|Win32.ActiveCfg = Release|Win32
		{952A41E4-A542-4ADD-9DE0-09C84C883674}.Release|Win32.Build.0 = Release|Win32
		{66D8D882-D9C0-423E-9659-A4E0684D839C}.Debug|Win32.ActiveCfg = Debug|Win32
		{66D8D882-D9C0-423E-9659-A4E0684D839C}.Debug|Win32.Build.0 = Debug|Win32
		{66D8D882-D9C0-423E-9659-A4E0684D839C}.Release|Win32.ActiveCfg = Release|Win32
		{66D8D882-D9C0-423E-9659-A4E0684D839C}.Release|Win32.Build.0 = Release|Win32
		{880F3DFA-50B4-4F6D-A442-2EFB029A4D94}.Debug|Win32.ActiveCfg = Debug|Win32
		{880F3DFA-50B4-4F6D-A442-2EFB029A4D94}.Debug|Win32.Build.0 = Debug|Win32
		{880F3DFA-50B4-4F6D-A442-2EFB029A4D94}.Release|Win32.ActiveCfg = Release|Win32
		{880F3DFA-50B4-4F6D-A442-2EFB029A4D94}.Release|Win32.Build.0 = Release|Win32
		{A4220F3F-409D-4FF4-A476-59532E90E5C7}.Debug|Win32.ActiveCfg = Debug|Win32
		{A4220F3F-409D-4FF4-A476-59532E90E5C7}.Debug|Win32.Build.0 = Debug|Win32
		{A4220F3F-409D-4FF4-A476-59532E90E5C7}.Release|Win32.ActiveCfg = Release|Win32
		{A4220F3F-409D-4FF4-A476-59532E90E5C7}.Release|Win32.Build.0 = Release|Win32
		{09AEE90F-7AFB-4D15-802D-D6CC597C0CA2}.Debug|Win32.ActiveCfg = Debug|Win32
		{09AEE90F-7AFB-4D15-802D-D6CC597C0CA2}.Debug|Win32.Build.0 = Debug|Win32
		{09AEE90F-7AFB-4D15-802D-D6CC597C0CA2}.Release|Win32.ActiveCfg = Release|Win32
		{09AEE90F-7AFB-4D15-802D-D6CC597C0CA2}.Release|Win32.Build.0 = Release|Win32
		{2A4AD9F0-CD47-4CB5-B21F-0775C3C4F9DA}.Debug|Win32.ActiveCfg = Debug|Win32
		{2A4AD9F0-CD47-4CB5-B21F-0775C3C4F9DA}.Debug|Win32.Build.0 = Debug|Win32
		{2A4AD9F0-CD47-4CB5-B21F-0775C3C4F9DA}.Release|Win32.ActiveCfg = Release|Win32
		{2A4AD9F0-CD47-4CB5-B21F-0775C3C4F9DA}.Release|Win32.Build.0 = Release|Win32
		{8B2BB00F-E317-4BBB-8EBC-B55DDBEFEBBD}.Debug|Win32.ActiveCfg = Debug|Win32
		{8B2BB00F-E317-4BBB-8EBC-B55DDBEFEBBD}.Debug|Win32.Build.0 = Debug|Win32
		{8B2BB00F-E317-4BBB-8EBC-B55DDBEFEBBD}.Release|Win32.ActiveCfg = Release|Win32
		{8B2BB00F-E317-4BBB-8EBC-B55DDBEFEBBD}.Release|Win32.Build.0 = Release|Win32
		{2ABFA7A7-C14C-4C1B-9529-27C86FA31F37}.Debug|Win32.ActiveCfg = Debug|Win32
		{2ABFA7A7-C14C-4C1B-9529-27C86FA31F37}.Debug|Win32.Build.0 = Debug|Win32
		{2ABFA7A7-C14C-4C1B-9529-27C86FA31F37}.Release|Win32.ActiveCfg = Release|Win32
		{2ABFA7A7-C14C-4C1B-9529-27C86FA31F37}.Release|Win32.Build.0 = Release|Win32
		{3D0C4B90-7D78-4E53-9019-D82FFDE354CF}.Debug|Win32.ActiveCfg = Debug|Win32
		{3D0C4B90-7D78-4E53-9019-D82FFDE354CF}.Debug|Win32.Build.0 = Debug|Win32
		{3D0C4B90-7D78-4E53-9019-D82FFDE354CF}.Release|Win32.ActiveCfg = Release|Win32
		{3D0C4B90-7D78-4E53-9019-D82FFDE354CF}.Release|Win32.Build.0 = Release|Win32
		{2B7EC5AB-0720-494E-BF49-64E865C729A3}.Debug|Win32.ActiveCfg = Debug|Win32
		{2B7EC5AB-0720-494E-BF49-64E865C729A3}.Debug|Win32.Build.0 = Debug|Win32
		{2B7EC5AB-0720-494E-BF49-64E865C729A3}.Release|Win32.ActiveCfg = Release|Win32
		{2B7EC5AB-0720-494E-BF49-64E865C729A3}.Release|Win32.Build.0 = Release|Win32
		{8A222926-5942-402C-8B03-B94EA6D62124}.Debug|Win32.ActiveCfg = Debug|Win32
		{8A222926-5942-402C-8B03-B94EA6D62124}.Debug|Win32.Build.0 = Debug|Win32
		{8A222926-5942-402C-8B03-B94EA6D62124}.Release|Win32.ActiveCfg = Release|Win32
		{8A222926-5942-402C-8B03-B94EA6D62124}.Release|Win32.Build.0 = Release|Win32
		{96E93A37-D0C5-4EBB-8244-8A9C725E6079}.Debug|Win32.ActiveCfg = Debug|Win32
		{96E93A37-D0C5-4EBB-8244-8A9C725E6079}.Debug|Win32.Build.0 = Debug|Win32
		{96E93A37-D0C5-4EBB-8244-8A9C725E6079}.Release|Win32.ActiveCfg = Release|Win32
		{96E93A37-D0C5-4EBB-8244-8A9C725E6079}.Release|Win32.Build.0 = Release|Win32
		{0437D330-0619-469A-AE14-8B63F2FD6744}.Debug|Win32.ActiveCfg = Debug|Win32
		{0437D330-0619-469A-AE14-8B63F2FD6744}.Debug|Win32.Build.0 = Debug|Win32
		{0437D330-0619-469A-AE14-8B63F2FD6744}.Release|Win32.ActiveCfg = Release|Win32
		{0437D330-0619-469A-AE14-8B63F2FD6744}.Release|Win32.Build.0 = Release|Win32
		{9D17535F-A9B5-4D5E-87E4-3CBEB7B881C9}.Debug|Win32.ActiveCfg = Debug|Win32
		{9D17535F-A9B5-4D5E-87E4-3CBEB7B881C9}.Debug|Win32.Build.0 = Debug|Win32
		{9D17535F-A9B5-4D5E-87E4-3CBEB7B881C9}.Release|Win32.ActiveCfg = Release|Win32
		{9D17535F-A9B5-4D5E-87E4-3CBEB7B881C9}.Release|Win32.Build.0 = Release|Win32
	EndGlobalSection
	GlobalSection(SolutionProperties) = preSolution
		HideSolutionNode = FALSE
	EndGlobalSection
EndGlobal
