
Microsoft Visual Studio Solution File, Format Version 10.00
# Visual Studio 2008
Project("{8BC9CEB8-8B4A-11D0-8D11-00A0C91BC942}") = "strfuncs", "strfuncs\strfuncs.vcproj", "{E2B82DB8-638C-4C5E-8BD8-7C807B38599C}"
EndProject
Project("{8BC9CEB8-8B4A-11D0-8D11-00A0C91BC942}") = "adf", "adf\adf.vcproj", "{8331BEC1-9131-4008-91F1-1FAC92D02521}"
EndProject
Project("{8BC9CEB8-8B4A-11D0-8D11-00A0C91BC942}") = "datfuncs", "datfuncs\datfuncs.vcproj", "{CC975F7B-B1C0-4606-90E9-24F2D43C7D60}"
EndProject
Project("{8BC9CEB8-8B4A-11D0-8D11-00A0C91BC942}") = "dlls", "dlls\dlls.vcproj", "{DFEEEBBA-1F6F-4017-A7A1-7A874867C396}"
EndProject
Project("{8BC9CEB8-8B4A-11D0-8D11-00A0C91BC942}") = "dta", "dta\dta.vcproj", "{0360833E-CF33-46C5-8D5E-E7DCA44F919C}"
EndProject
Project("{8BC9CEB8-8B4A-11D0-8D11-00A0C91BC942}") = "eecfuncs", "eecfuncs\eecfuncs.vcproj", "{93DCC92E-A598-415C-8629-C52E46039641}"
EndProject
Project("{8BC9CEB8-8B4A-11D0-8D11-00A0C91BC942}") = "genfuncs", "genfuncs\genfuncs.vcproj", "{29E62328-7053-4839-BA76-EF38F80B6F63}"
	ProjectSection(ProjectDependencies) = postProject
		{82451017-4FCB-4E70-AAFD-D90636132C85} = {82451017-4FCB-4E70-AAFD-D90636132C85}
	EndProjectSection
EndProject
Project("{8BC9CEB8-8B4A-11D0-8D11-00A0C91BC942}") = "kmlfuncs", "kmlfuncs\kmlfuncs.vcproj", "{F22184E2-451D-422B-8AD1-47FF754053D3}"
EndProject
Project("{8BC9CEB8-8B4A-11D0-8D11-00A0C91BC942}") = "mddl", "mddl\mddl.vcproj", "{412119F9-C481-48E2-8045-BB6E5FCEF0B0}"
EndProject
Project("{8BC9CEB8-8B4A-11D0-8D11-00A0C91BC942}") = "mfile", "mfile\mfile.vcproj", "{B281AC90-70B3-417F-BE4F-50C1B7482764}"
EndProject
Project("{8BC9CEB8-8B4A-11D0-8D11-00A0C91BC942}") = "mlog", "mlog\mlog.vcproj", "{155B750B-740F-4163-A614-69B6C03BDC50}"
EndProject
Project("{8BC9CEB8-8B4A-11D0-8D11-00A0C91BC942}") = "mtif", "mtif\mtif.vcproj", "{3EBCDC81-0FB5-4B0F-938D-361A3D453FE5}"
EndProject
Project("{8BC9CEB8-8B4A-11D0-8D11-00A0C91BC942}") = "npsl", "npsl\npsl.vcproj", "{563FD9BF-82F8-44BB-8670-B789524C4200}"
EndProject
Project("{8BC9CEB8-8B4A-11D0-8D11-00A0C91BC942}") = "pcff", "pcff\pcff.vcproj", "{41ED5F3E-2F98-47EF-A83F-2B901B463441}"
EndProject
Project("{8BC9CEB8-8B4A-11D0-8D11-00A0C91BC942}") = "sdtif", "sdtif\sdtif.vcproj", "{82451017-4FCB-4E70-AAFD-D90636132C85}"
EndProject
Project("{8BC9CEB8-8B4A-11D0-8D11-00A0C91BC942}") = "siidr", "siidr\siidr.vcproj", "{A81812E7-376A-4E2C-8914-0007F89484FA}"
EndProject
Project("{8BC9CEB8-8B4A-11D0-8D11-00A0C91BC942}") = "spffuncs", "spffuncs\spffuncs.vcproj", "{72A8838A-2927-49E3-9803-0CDAE8DCC0EA}"
EndProject
Project("{8BC9CEB8-8B4A-11D0-8D11-00A0C91BC942}") = "tfread", "tfread\tfread.vcproj", "{83A0D30C-6A94-4F8D-BAB1-040DF888E764}"
EndProject
Global
	GlobalSection(SolutionConfigurationPlatforms) = preSolution
		Debug|Win32 = Debug|Win32
		Release|Win32 = Release|Win32
	EndGlobalSection
	GlobalSection(ProjectConfigurationPlatforms) = postSolution
		{E2B82DB8-638C-4C5E-8BD8-7C807B38599C}.Debug|Win32.ActiveCfg = Debug|Win32
		{E2B82DB8-638C-4C5E-8BD8-7C807B38599C}.Debug|Win32.Build.0 = Debug|Win32
		{E2B82DB8-638C-4C5E-8BD8-7C807B38599C}.Release|Win32.ActiveCfg = Release|Win32
		{E2B82DB8-638C-4C5E-8BD8-7C807B38599C}.Release|Win32.Build.0 = Release|Win32
		{8331BEC1-9131-4008-91F1-1FAC92D02521}.Debug|Win32.ActiveCfg = Debug|Win32
		{8331BEC1-9131-4008-91F1-1FAC92D02521}.Debug|Win32.Build.0 = Debug|Win32
		{8331BEC1-9131-4008-91F1-1FAC92D02521}.Release|Win32.ActiveCfg = Release|Win32
		{8331BEC1-9131-4008-91F1-1FAC92D02521}.Release|Win32.Build.0 = Release|Win32
		{CC975F7B-B1C0-4606-90E9-24F2D43C7D60}.Debug|Win32.ActiveCfg = Debug|Win32
		{CC975F7B-B1C0-4606-90E9-24F2D43C7D60}.Debug|Win32.Build.0 = Debug|Win32
		{CC975F7B-B1C0-4606-90E9-24F2D43C7D60}.Release|Win32.ActiveCfg = Release|Win32
		{CC975F7B-B1C0-4606-90E9-24F2D43C7D60}.Release|Win32.Build.0 = Release|Win32
		{DFEEEBBA-1F6F-4017-A7A1-7A874867C396}.Debug|Win32.ActiveCfg = Debug|Win32
		{DFEEEBBA-1F6F-4017-A7A1-7A874867C396}.Debug|Win32.Build.0 = Debug|Win32
		{DFEEEBBA-1F6F-4017-A7A1-7A874867C396}.Release|Win32.ActiveCfg = Release|Win32
		{DFEEEBBA-1F6F-4017-A7A1-7A874867C396}.Release|Win32.Build.0 = Release|Win32
		{0360833E-CF33-46C5-8D5E-E7DCA44F919C}.Debug|Win32.ActiveCfg = Debug|Win32
		{0360833E-CF33-46C5-8D5E-E7DCA44F919C}.Debug|Win32.Build.0 = Debug|Win32
		{0360833E-CF33-46C5-8D5E-E7DCA44F919C}.Release|Win32.ActiveCfg = Release|Win32
		{0360833E-CF33-46C5-8D5E-E7DCA44F919C}.Release|Win32.Build.0 = Release|Win32
		{93DCC92E-A598-415C-8629-C52E46039641}.Debug|Win32.ActiveCfg = Debug|Win32
		{93DCC92E-A598-415C-8629-C52E46039641}.Debug|Win32.Build.0 = Debug|Win32
		{93DCC92E-A598-415C-8629-C52E46039641}.Release|Win32.ActiveCfg = Release|Win32
		{93DCC92E-A598-415C-8629-C52E46039641}.Release|Win32.Build.0 = Release|Win32
		{29E62328-7053-4839-BA76-EF38F80B6F63}.Debug|Win32.ActiveCfg = Debug|Win32
		{29E62328-7053-4839-BA76-EF38F80B6F63}.Debug|Win32.Build.0 = Debug|Win32
		{29E62328-7053-4839-BA76-EF38F80B6F63}.Release|Win32.ActiveCfg = Release|Win32
		{29E62328-7053-4839-BA76-EF38F80B6F63}.Release|Win32.Build.0 = Release|Win32
		{F22184E2-451D-422B-8AD1-47FF754053D3}.Debug|Win32.ActiveCfg = Debug|Win32
		{F22184E2-451D-422B-8AD1-47FF754053D3}.Debug|Win32.Build.0 = Debug|Win32
		{F22184E2-451D-422B-8AD1-47FF754053D3}.Release|Win32.ActiveCfg = Release|Win32
		{F22184E2-451D-422B-8AD1-47FF754053D3}.Release|Win32.Build.0 = Release|Win32
		{412119F9-C481-48E2-8045-BB6E5FCEF0B0}.Debug|Win32.ActiveCfg = Debug|Win32
		{412119F9-C481-48E2-8045-BB6E5FCEF0B0}.Debug|Win32.Build.0 = Debug|Win32
		{412119F9-C481-48E2-8045-BB6E5FCEF0B0}.Release|Win32.ActiveCfg = Release|Win32
		{412119F9-C481-48E2-8045-BB6E5FCEF0B0}.Release|Win32.Build.0 = Release|Win32
		{B281AC90-70B3-417F-BE4F-50C1B7482764}.Debug|Win32.ActiveCfg = Debug|Win32
		{B281AC90-70B3-417F-BE4F-50C1B7482764}.Debug|Win32.Build.0 = Debug|Win32
		{B281AC90-70B3-417F-BE4F-50C1B7482764}.Release|Win32.ActiveCfg = Release|Win32
		{B281AC90-70B3-417F-BE4F-50C1B7482764}.Release|Win32.Build.0 = Release|Win32
		{155B750B-740F-4163-A614-69B6C03BDC50}.Debug|Win32.ActiveCfg = Debug|Win32
		{155B750B-740F-4163-A614-69B6C03BDC50}.Debug|Win32.Build.0 = Debug|Win32
		{155B750B-740F-4163-A614-69B6C03BDC50}.Release|Win32.ActiveCfg = Release|Win32
		{155B750B-740F-4163-A614-69B6C03BDC50}.Release|Win32.Build.0 = Release|Win32
		{3EBCDC81-0FB5-4B0F-938D-361A3D453FE5}.Debug|Win32.ActiveCfg = Debug|Win32
		{3EBCDC81-0FB5-4B0F-938D-361A3D453FE5}.Debug|Win32.Build.0 = Debug|Win32
		{3EBCDC81-0FB5-4B0F-938D-361A3D453FE5}.Release|Win32.ActiveCfg = Release|Win32
		{3EBCDC81-0FB5-4B0F-938D-361A3D453FE5}.Release|Win32.Build.0 = Release|Win32
		{563FD9BF-82F8-44BB-8670-B789524C4200}.Debug|Win32.ActiveCfg = Debug|Win32
		{563FD9BF-82F8-44BB-8670-B789524C4200}.Debug|Win32.Build.0 = Debug|Win32
		{563FD9BF-82F8-44BB-8670-B789524C4200}.Release|Win32.ActiveCfg = Release|Win32
		{563FD9BF-82F8-44BB-8670-B789524C4200}.Release|Win32.Build.0 = Release|Win32
		{41ED5F3E-2F98-47EF-A83F-2B901B463441}.Debug|Win32.ActiveCfg = Debug|Win32
		{41ED5F3E-2F98-47EF-A83F-2B901B463441}.Debug|Win32.Build.0 = Debug|Win32
		{41ED5F3E-2F98-47EF-A83F-2B901B463441}.Release|Win32.ActiveCfg = Release|Win32
		{41ED5F3E-2F98-47EF-A83F-2B901B463441}.Release|Win32.Build.0 = Release|Win32
		{82451017-4FCB-4E70-AAFD-D90636132C85}.Debug|Win32.ActiveCfg = Debug|Win32
		{82451017-4FCB-4E70-AAFD-D90636132C85}.Debug|Win32.Build.0 = Debug|Win32
		{82451017-4FCB-4E70-AAFD-D90636132C85}.Release|Win32.ActiveCfg = Release|Win32
		{82451017-4FCB-4E70-AAFD-D90636132C85}.Release|Win32.Build.0 = Release|Win32
		{A81812E7-376A-4E2C-8914-0007F89484FA}.Debug|Win32.ActiveCfg = Debug|Win32
		{A81812E7-376A-4E2C-8914-0007F89484FA}.Debug|Win32.Build.0 = Debug|Win32
		{A81812E7-376A-4E2C-8914-0007F89484FA}.Release|Win32.ActiveCfg = Release|Win32
		{A81812E7-376A-4E2C-8914-0007F89484FA}.Release|Win32.Build.0 = Release|Win32
		{72A8838A-2927-49E3-9803-0CDAE8DCC0EA}.Debug|Win32.ActiveCfg = Debug|Win32
		{72A8838A-2927-49E3-9803-0CDAE8DCC0EA}.Debug|Win32.Build.0 = Debug|Win32
		{72A8838A-2927-49E3-9803-0CDAE8DCC0EA}.Release|Win32.ActiveCfg = Release|Win32
		{72A8838A-2927-49E3-9803-0CDAE8DCC0EA}.Release|Win32.Build.0 = Release|Win32
		{83A0D30C-6A94-4F8D-BAB1-040DF888E764}.Debug|Win32.ActiveCfg = Debug|Win32
		{83A0D30C-6A94-4F8D-BAB1-040DF888E764}.Debug|Win32.Build.0 = Debug|Win32
		{83A0D30C-6A94-4F8D-BAB1-040DF888E764}.Release|Win32.ActiveCfg = Release|Win32
		{83A0D30C-6A94-4F8D-BAB1-040DF888E764}.Release|Win32.Build.0 = Release|Win32
	EndGlobalSection
	GlobalSection(SolutionProperties) = preSolution
		HideSolutionNode = FALSE
	EndGlobalSection
EndGlobal
